
Microsoft Visual Studio Solution File, Format Version 12.00
# Visual Studio Version 16
VisualStudioVersion = 16.0.810.4
MinimumVisualStudioVersion = 10.0.40219.1
Project("{FAE04EC0-301F-11D3-BF4B-00C04F79EFBC}") = "Eje11-16", "Eje11-16.csproj", "{2F0E1CB3-D233-4409-BAD0-FF7DF2A430DC}"
EndProject
Global
	GlobalSection(SolutionConfigurationPlatforms) = preSolution
		Debug|anycpu = Debug|anycpu
		Release|anycpu = Release|anycpu
	EndGlobalSection
	GlobalSection(ProjectConfigurationPlatforms) = postSolution
		{2F0E1CB3-D233-4409-BAD0-FF7DF2A430DC}.Debug|anycpu.ActiveCfg = Debug|anycpu
		{2F0E1CB3-D233-4409-BAD0-FF7DF2A430DC}.Debug|anycpu.Build.0 = Debug|anycpu
		{2F0E1CB3-D233-4409-BAD0-FF7DF2A430DC}.Release|anycpu.ActiveCfg = Release|anycpu
		{2F0E1CB3-D233-4409-BAD0-FF7DF2A430DC}.Release|anycpu.Build.0 = Release|anycpu
	EndGlobalSection
	GlobalSection(SolutionProperties) = preSolution
		HideSolutionNode = FALSE
	EndGlobalSection
	GlobalSection(ExtensibilityGlobals) = postSolution
		SolutionGuid = {6A1A6642-30FA-4468-8138-4F39C1552051}
	EndGlobalSection
EndGlobal
